
Microsoft Visual Studio Solution File, Format Version 12.00
# Visual Studio Version 16
VisualStudioVersion = 16.0.30413.136
MinimumVisualStudioVersion = 10.0.40219.1
Project("{FAE04EC0-301F-11D3-BF4B-00C04F79EFBC}") = "RMSUI.Test", "RMSUI.Test\RMSUI.Test.csproj", "{130D53E1-3430-4194-B7E3-62EC7346B586}"
EndProject
Project("{FAE04EC0-301F-11D3-BF4B-00C04F79EFBC}") = "UI.Test.Framework", "UI.Test.Framework\UI.Test.Framework.csproj", "{932AE4E7-125C-46D9-8BDA-140CAF1057B3}"
EndProject
Global
	GlobalSection(SolutionConfigurationPlatforms) = preSolution
		Debug|Any CPU = Debug|Any CPU
		Release|Any CPU = Release|Any CPU
	EndGlobalSection
	GlobalSection(ProjectConfigurationPlatforms) = postSolution
		{130D53E1-3430-4194-B7E3-62EC7346B586}.Debug|Any CPU.ActiveCfg = Debug|Any CPU
		{130D53E1-3430-4194-B7E3-62EC7346B586}.Debug|Any CPU.Build.0 = Debug|Any CPU
		{130D53E1-3430-4194-B7E3-62EC7346B586}.Release|Any CPU.ActiveCfg = Release|Any CPU
		{130D53E1-3430-4194-B7E3-62EC7346B586}.Release|Any CPU.Build.0 = Release|Any CPU
		{932AE4E7-125C-46D9-8BDA-140CAF1057B3}.Debug|Any CPU.ActiveCfg = Debug|Any CPU
		{932AE4E7-125C-46D9-8BDA-140CAF1057B3}.Debug|Any CPU.Build.0 = Debug|Any CPU
		{932AE4E7-125C-46D9-8BDA-140CAF1057B3}.Release|Any CPU.ActiveCfg = Release|Any CPU
		{932AE4E7-125C-46D9-8BDA-140CAF1057B3}.Release|Any CPU.Build.0 = Release|Any CPU
	EndGlobalSection
	GlobalSection(SolutionProperties) = preSolution
		HideSolutionNode = FALSE
	EndGlobalSection
	GlobalSection(ExtensibilityGlobals) = postSolution
		SolutionGuid = {4CE510F0-55E8-4D0A-821C-EAE5BF898437}
	EndGlobalSection
EndGlobal
